// !$*UTF8*$!
{
	archiveVersion = 1;
	classes = {
	};
	objectVersion = 46;
	objects = {

/* Begin PBXBuildFile section */
		CD1962F51B7040EB001F5DE9 /* UnitConverter.swift in Sources */ = {isa = PBXBuildFile; fileRef = CD1962F41B7040EB001F5DE9 /* UnitConverter.swift */; };
		CD9837571B6ED13400E97208 /* DrawerTableViewController.swift in Sources */ = {isa = PBXBuildFile; fileRef = CD9837561B6ED13400E97208 /* DrawerTableViewController.swift */; };
		CD98375D1B6EE63100E97208 /* ContactsTableViewController.swift in Sources */ = {isa = PBXBuildFile; fileRef = CD98375C1B6EE63100E97208 /* ContactsTableViewController.swift */; };
		CD98375F1B6EE90000E97208 /* ContactsUI.framework in Frameworks */ = {isa = PBXBuildFile; fileRef = CD98375E1B6EE90000E97208 /* ContactsUI.framework */; };
		CD9837621B6EF3D300E97208 /* ContactTableViewCell.swift in Sources */ = {isa = PBXBuildFile; fileRef = CD9837611B6EF3D300E97208 /* ContactTableViewCell.swift */; };
		CD9837651B6F04B600E97208 /* ContactCacheManager.swift in Sources */ = {isa = PBXBuildFile; fileRef = CD9837641B6F04B600E97208 /* ContactCacheManager.swift */; };
		CDC265E81B65A3840083A8A9 /* AppDelegate.swift in Sources */ = {isa = PBXBuildFile; fileRef = CDC265E71B65A3840083A8A9 /* AppDelegate.swift */; };
		CDC265EA1B65A3840083A8A9 /* AuthenticationViewController.swift in Sources */ = {isa = PBXBuildFile; fileRef = CDC265E91B65A3840083A8A9 /* AuthenticationViewController.swift */; };
		CDC265ED1B65A3840083A8A9 /* Main.storyboard in Resources */ = {isa = PBXBuildFile; fileRef = CDC265EB1B65A3840083A8A9 /* Main.storyboard */; };
		CDC265EF1B65A3840083A8A9 /* Assets.xcassets in Resources */ = {isa = PBXBuildFile; fileRef = CDC265EE1B65A3840083A8A9 /* Assets.xcassets */; };
		CDC265F21B65A3840083A8A9 /* LaunchScreen.storyboard in Resources */ = {isa = PBXBuildFile; fileRef = CDC265F01B65A3840083A8A9 /* LaunchScreen.storyboard */; };
		CDC265FD1B65A3840083A8A9 /* QSmartFashionTests.swift in Sources */ = {isa = PBXBuildFile; fileRef = CDC265FC1B65A3840083A8A9 /* QSmartFashionTests.swift */; };
		CDC266081B65A3840083A8A9 /* QSmartFashionUITests.swift in Sources */ = {isa = PBXBuildFile; fileRef = CDC266071B65A3840083A8A9 /* QSmartFashionUITests.swift */; };
		CDC266171B65ACD60083A8A9 /* SFUser.swift in Sources */ = {isa = PBXBuildFile; fileRef = CDC266161B65ACD60083A8A9 /* SFUser.swift */; };
		CDC266191B65B0F80083A8A9 /* SFDataMeasurement.swift in Sources */ = {isa = PBXBuildFile; fileRef = CDC266181B65B0F80083A8A9 /* SFDataMeasurement.swift */; };
		CDC2661B1B65B26E0083A8A9 /* SFEmergencyContact.swift in Sources */ = {isa = PBXBuildFile; fileRef = CDC2661A1B65B26E0083A8A9 /* SFEmergencyContact.swift */; };
		CDC2661E1B65D12A0083A8A9 /* MainViewController.swift in Sources */ = {isa = PBXBuildFile; fileRef = CDC2661D1B65D12A0083A8A9 /* MainViewController.swift */; };
		CDC266201B65D3120083A8A9 /* SettingsViewController.swift in Sources */ = {isa = PBXBuildFile; fileRef = CDC2661F1B65D3120083A8A9 /* SettingsViewController.swift */; };
		CDD88CDD1B6EC66100BF4AA5 /* ContainerViewController.swift in Sources */ = {isa = PBXBuildFile; fileRef = CDD88CDC1B6EC66100BF4AA5 /* ContainerViewController.swift */; };
		CDD88CE61B6ED0E000BF4AA5 /* Orphan.storyboard in Resources */ = {isa = PBXBuildFile; fileRef = CDD88CE51B6ED0E000BF4AA5 /* Orphan.storyboard */; };
		CDE428091B70297000FC2E5C /* ProfileViewController.swift in Sources */ = {isa = PBXBuildFile; fileRef = CDE428081B70297000FC2E5C /* ProfileViewController.swift */; };
		CDE4280B1B70311D00FC2E5C /* BirthdatePickerViewController.swift in Sources */ = {isa = PBXBuildFile; fileRef = CDE4280A1B70311D00FC2E5C /* BirthdatePickerViewController.swift */; };
		F80920D97C248C5D1BC3249D /* Pods.framework in Frameworks */ = {isa = PBXBuildFile; fileRef = CFF4E03C2048CAF355E0DDD4 /* Pods.framework */; settings = {ATTRIBUTES = (Weak, ); }; };
/* End PBXBuildFile section */

/* Begin PBXContainerItemProxy section */
		CDC265F91B65A3840083A8A9 /* PBXContainerItemProxy */ = {
			isa = PBXContainerItemProxy;
			containerPortal = CDC265DC1B65A3840083A8A9 /* Project object */;
			proxyType = 1;
			remoteGlobalIDString = CDC265E31B65A3840083A8A9;
			remoteInfo = QSmartFashion;
		};
		CDC266041B65A3840083A8A9 /* PBXContainerItemProxy */ = {
			isa = PBXContainerItemProxy;
			containerPortal = CDC265DC1B65A3840083A8A9 /* Project object */;
			proxyType = 1;
			remoteGlobalIDString = CDC265E31B65A3840083A8A9;
			remoteInfo = QSmartFashion;
		};
/* End PBXContainerItemProxy section */

/* Begin PBXFileReference section */
		2FC642EAA6BAB3F4F2189702 /* Pods.release.xcconfig */ = {isa = PBXFileReference; includeInIndex = 1; lastKnownFileType = text.xcconfig; name = Pods.release.xcconfig; path = "Pods/Target Support Files/Pods/Pods.release.xcconfig"; sourceTree = "<group>"; };
		7EA9DBBEF4FE33428020E288 /* Pods.debug.xcconfig */ = {isa = PBXFileReference; includeInIndex = 1; lastKnownFileType = text.xcconfig; name = Pods.debug.xcconfig; path = "Pods/Target Support Files/Pods/Pods.debug.xcconfig"; sourceTree = "<group>"; };
		CD1962F41B7040EB001F5DE9 /* UnitConverter.swift */ = {isa = PBXFileReference; fileEncoding = 4; lastKnownFileType = sourcecode.swift; path = UnitConverter.swift; sourceTree = "<group>"; };
		CD9837561B6ED13400E97208 /* DrawerTableViewController.swift */ = {isa = PBXFileReference; fileEncoding = 4; lastKnownFileType = sourcecode.swift; path = DrawerTableViewController.swift; sourceTree = "<group>"; };
		CD9837581B6EE5F100E97208 /* AddressBook.framework */ = {isa = PBXFileReference; lastKnownFileType = wrapper.framework; name = AddressBook.framework; path = System/Library/Frameworks/AddressBook.framework; sourceTree = SDKROOT; };
		CD9837591B6EE5F100E97208 /* AddressBookUI.framework */ = {isa = PBXFileReference; lastKnownFileType = wrapper.framework; name = AddressBookUI.framework; path = System/Library/Frameworks/AddressBookUI.framework; sourceTree = SDKROOT; };
		CD98375C1B6EE63100E97208 /* ContactsTableViewController.swift */ = {isa = PBXFileReference; fileEncoding = 4; lastKnownFileType = sourcecode.swift; path = ContactsTableViewController.swift; sourceTree = "<group>"; };
		CD98375E1B6EE90000E97208 /* ContactsUI.framework */ = {isa = PBXFileReference; lastKnownFileType = wrapper.framework; name = ContactsUI.framework; path = System/Library/Frameworks/ContactsUI.framework; sourceTree = SDKROOT; };
		CD9837611B6EF3D300E97208 /* ContactTableViewCell.swift */ = {isa = PBXFileReference; fileEncoding = 4; lastKnownFileType = sourcecode.swift; path = ContactTableViewCell.swift; sourceTree = "<group>"; };
		CD9837641B6F04B600E97208 /* ContactCacheManager.swift */ = {isa = PBXFileReference; fileEncoding = 4; lastKnownFileType = sourcecode.swift; path = ContactCacheManager.swift; sourceTree = "<group>"; };
		CDC265E41B65A3840083A8A9 /* QSmartFashion.app */ = {isa = PBXFileReference; explicitFileType = wrapper.application; includeInIndex = 0; path = QSmartFashion.app; sourceTree = BUILT_PRODUCTS_DIR; };
		CDC265E71B65A3840083A8A9 /* AppDelegate.swift */ = {isa = PBXFileReference; lastKnownFileType = sourcecode.swift; path = AppDelegate.swift; sourceTree = "<group>"; };
		CDC265E91B65A3840083A8A9 /* AuthenticationViewController.swift */ = {isa = PBXFileReference; lastKnownFileType = sourcecode.swift; path = AuthenticationViewController.swift; sourceTree = "<group>"; };
		CDC265EC1B65A3840083A8A9 /* Base */ = {isa = PBXFileReference; lastKnownFileType = file.storyboard; name = Base; path = Base.lproj/Main.storyboard; sourceTree = "<group>"; };
		CDC265EE1B65A3840083A8A9 /* Assets.xcassets */ = {isa = PBXFileReference; lastKnownFileType = folder.assetcatalog; path = Assets.xcassets; sourceTree = "<group>"; };
		CDC265F11B65A3840083A8A9 /* Base */ = {isa = PBXFileReference; lastKnownFileType = file.storyboard; name = Base; path = Base.lproj/LaunchScreen.storyboard; sourceTree = "<group>"; };
		CDC265F31B65A3840083A8A9 /* Info.plist */ = {isa = PBXFileReference; lastKnownFileType = text.plist.xml; path = Info.plist; sourceTree = "<group>"; };
		CDC265F81B65A3840083A8A9 /* QSmartFashionTests.xctest */ = {isa = PBXFileReference; explicitFileType = wrapper.cfbundle; includeInIndex = 0; path = QSmartFashionTests.xctest; sourceTree = BUILT_PRODUCTS_DIR; };
		CDC265FC1B65A3840083A8A9 /* QSmartFashionTests.swift */ = {isa = PBXFileReference; lastKnownFileType = sourcecode.swift; path = QSmartFashionTests.swift; sourceTree = "<group>"; };
		CDC265FE1B65A3840083A8A9 /* Info.plist */ = {isa = PBXFileReference; lastKnownFileType = text.plist.xml; path = Info.plist; sourceTree = "<group>"; };
		CDC266031B65A3840083A8A9 /* QSmartFashionUITests.xctest */ = {isa = PBXFileReference; explicitFileType = wrapper.cfbundle; includeInIndex = 0; path = QSmartFashionUITests.xctest; sourceTree = BUILT_PRODUCTS_DIR; };
		CDC266071B65A3840083A8A9 /* QSmartFashionUITests.swift */ = {isa = PBXFileReference; lastKnownFileType = sourcecode.swift; path = QSmartFashionUITests.swift; sourceTree = "<group>"; };
		CDC266091B65A3840083A8A9 /* Info.plist */ = {isa = PBXFileReference; lastKnownFileType = text.plist.xml; path = Info.plist; sourceTree = "<group>"; };
		CDC266161B65ACD60083A8A9 /* SFUser.swift */ = {isa = PBXFileReference; fileEncoding = 4; lastKnownFileType = sourcecode.swift; path = SFUser.swift; sourceTree = "<group>"; };
		CDC266181B65B0F80083A8A9 /* SFDataMeasurement.swift */ = {isa = PBXFileReference; fileEncoding = 4; lastKnownFileType = sourcecode.swift; path = SFDataMeasurement.swift; sourceTree = "<group>"; };
		CDC2661A1B65B26E0083A8A9 /* SFEmergencyContact.swift */ = {isa = PBXFileReference; fileEncoding = 4; lastKnownFileType = sourcecode.swift; path = SFEmergencyContact.swift; sourceTree = "<group>"; };
		CDC2661D1B65D12A0083A8A9 /* MainViewController.swift */ = {isa = PBXFileReference; fileEncoding = 4; lastKnownFileType = sourcecode.swift; path = MainViewController.swift; sourceTree = "<group>"; };
		CDC2661F1B65D3120083A8A9 /* SettingsViewController.swift */ = {isa = PBXFileReference; fileEncoding = 4; lastKnownFileType = sourcecode.swift; path = SettingsViewController.swift; sourceTree = "<group>"; };
		CDD88CDC1B6EC66100BF4AA5 /* ContainerViewController.swift */ = {isa = PBXFileReference; fileEncoding = 4; lastKnownFileType = sourcecode.swift; path = ContainerViewController.swift; sourceTree = "<group>"; };
		CDD88CDE1B6EC70500BF4AA5 /* QSmartFashion-Bridging-Header.h */ = {isa = PBXFileReference; lastKnownFileType = sourcecode.c.h; path = "QSmartFashion-Bridging-Header.h"; sourceTree = "<group>"; };
		CDD88CE51B6ED0E000BF4AA5 /* Orphan.storyboard */ = {isa = PBXFileReference; fileEncoding = 4; lastKnownFileType = file.storyboard; path = Orphan.storyboard; sourceTree = "<group>"; };
		CDE428081B70297000FC2E5C /* ProfileViewController.swift */ = {isa = PBXFileReference; fileEncoding = 4; lastKnownFileType = sourcecode.swift; path = ProfileViewController.swift; sourceTree = "<group>"; };
		CDE4280A1B70311D00FC2E5C /* BirthdatePickerViewController.swift */ = {isa = PBXFileReference; fileEncoding = 4; lastKnownFileType = sourcecode.swift; path = BirthdatePickerViewController.swift; sourceTree = "<group>"; };
		CFF4E03C2048CAF355E0DDD4 /* Pods.framework */ = {isa = PBXFileReference; explicitFileType = wrapper.framework; includeInIndex = 0; path = Pods.framework; sourceTree = BUILT_PRODUCTS_DIR; };
/* End PBXFileReference section */

/* Begin PBXFrameworksBuildPhase section */
		CDC265E11B65A3840083A8A9 /* Frameworks */ = {
			isa = PBXFrameworksBuildPhase;
			buildActionMask = 2147483647;
			files = (
				CD98375F1B6EE90000E97208 /* ContactsUI.framework in Frameworks */,
				F80920D97C248C5D1BC3249D /* Pods.framework in Frameworks */,
			);
			runOnlyForDeploymentPostprocessing = 0;
		};
		CDC265F51B65A3840083A8A9 /* Frameworks */ = {
			isa = PBXFrameworksBuildPhase;
			buildActionMask = 2147483647;
			files = (
			);
			runOnlyForDeploymentPostprocessing = 0;
		};
		CDC266001B65A3840083A8A9 /* Frameworks */ = {
			isa = PBXFrameworksBuildPhase;
			buildActionMask = 2147483647;
			files = (
			);
			runOnlyForDeploymentPostprocessing = 0;
		};
/* End PBXFrameworksBuildPhase section */

/* Begin PBXGroup section */
		C7205F832F1BB319A61019B6 /* Frameworks */ = {
			isa = PBXGroup;
			children = (
				CD98375E1B6EE90000E97208 /* ContactsUI.framework */,
				CD9837581B6EE5F100E97208 /* AddressBook.framework */,
				CD9837591B6EE5F100E97208 /* AddressBookUI.framework */,
				CFF4E03C2048CAF355E0DDD4 /* Pods.framework */,
			);
			name = Frameworks;
			sourceTree = "<group>";
		};
		CD9837601B6EF3BC00E97208 /* Table View Cells */ = {
			isa = PBXGroup;
			children = (
				CD9837611B6EF3D300E97208 /* ContactTableViewCell.swift */,
			);
			name = "Table View Cells";
			sourceTree = "<group>";
		};
		CD9837631B6F047500E97208 /* Domain */ = {
			isa = PBXGroup;
			children = (
				CD9837641B6F04B600E97208 /* ContactCacheManager.swift */,
				CD1962F41B7040EB001F5DE9 /* UnitConverter.swift */,
			);
			name = Domain;
			sourceTree = "<group>";
		};
		CDC265DB1B65A3840083A8A9 = {
			isa = PBXGroup;
			children = (
				CDC265E61B65A3840083A8A9 /* QSmartFashion */,
				CDC265FB1B65A3840083A8A9 /* QSmartFashionTests */,
				CDC266061B65A3840083A8A9 /* QSmartFashionUITests */,
				CDC265E51B65A3840083A8A9 /* Products */,
				D31643ED7FCAA2586C8278BA /* Pods */,
				C7205F832F1BB319A61019B6 /* Frameworks */,
			);
			sourceTree = "<group>";
		};
		CDC265E51B65A3840083A8A9 /* Products */ = {
			isa = PBXGroup;
			children = (
				CDC265E41B65A3840083A8A9 /* QSmartFashion.app */,
				CDC265F81B65A3840083A8A9 /* QSmartFashionTests.xctest */,
				CDC266031B65A3840083A8A9 /* QSmartFashionUITests.xctest */,
			);
			name = Products;
			sourceTree = "<group>";
		};
		CDC265E61B65A3840083A8A9 /* QSmartFashion */ = {
			isa = PBXGroup;
			children = (
				CD9837631B6F047500E97208 /* Domain */,
				CDC266151B65AC9F0083A8A9 /* DataModel */,
				CDC2661C1B65D1140083A8A9 /* View Controllers */,
				CDD88CE41B6ED0BB00BF4AA5 /* Storyboards */,
				CDC265E71B65A3840083A8A9 /* AppDelegate.swift */,
				CDC265EE1B65A3840083A8A9 /* Assets.xcassets */,
				CDD88CDE1B6EC70500BF4AA5 /* QSmartFashion-Bridging-Header.h */,
				CDC265F01B65A3840083A8A9 /* LaunchScreen.storyboard */,
				CDC265F31B65A3840083A8A9 /* Info.plist */,
			);
			path = QSmartFashion;
			sourceTree = "<group>";
		};
		CDC265FB1B65A3840083A8A9 /* QSmartFashionTests */ = {
			isa = PBXGroup;
			children = (
				CDC265FC1B65A3840083A8A9 /* QSmartFashionTests.swift */,
				CDC265FE1B65A3840083A8A9 /* Info.plist */,
			);
			path = QSmartFashionTests;
			sourceTree = "<group>";
		};
		CDC266061B65A3840083A8A9 /* QSmartFashionUITests */ = {
			isa = PBXGroup;
			children = (
				CDC266071B65A3840083A8A9 /* QSmartFashionUITests.swift */,
				CDC266091B65A3840083A8A9 /* Info.plist */,
			);
			path = QSmartFashionUITests;
			sourceTree = "<group>";
		};
		CDC266151B65AC9F0083A8A9 /* DataModel */ = {
			isa = PBXGroup;
			children = (
				CDC266181B65B0F80083A8A9 /* SFDataMeasurement.swift */,
				CDC2661A1B65B26E0083A8A9 /* SFEmergencyContact.swift */,
				CDC266161B65ACD60083A8A9 /* SFUser.swift */,
			);
			name = DataModel;
			sourceTree = "<group>";
		};
		CDC2661C1B65D1140083A8A9 /* View Controllers */ = {
			isa = PBXGroup;
			children = (
				CD9837601B6EF3BC00E97208 /* Table View Cells */,
				CDD88CDC1B6EC66100BF4AA5 /* ContainerViewController.swift */,
				CD9837561B6ED13400E97208 /* DrawerTableViewController.swift */,
				CDC2661D1B65D12A0083A8A9 /* MainViewController.swift */,
				CDC265E91B65A3840083A8A9 /* AuthenticationViewController.swift */,
				CDE428081B70297000FC2E5C /* ProfileViewController.swift */,
				CD98375C1B6EE63100E97208 /* ContactsTableViewController.swift */,
				CDC2661F1B65D3120083A8A9 /* SettingsViewController.swift */,
				CDE4280A1B70311D00FC2E5C /* BirthdatePickerViewController.swift */,
			);
			name = "View Controllers";
			sourceTree = "<group>";
		};
		CDD88CE41B6ED0BB00BF4AA5 /* Storyboards */ = {
			isa = PBXGroup;
			children = (
				CDC265EB1B65A3840083A8A9 /* Main.storyboard */,
				CDD88CE51B6ED0E000BF4AA5 /* Orphan.storyboard */,
			);
			name = Storyboards;
			sourceTree = "<group>";
		};
		D31643ED7FCAA2586C8278BA /* Pods */ = {
			isa = PBXGroup;
			children = (
				7EA9DBBEF4FE33428020E288 /* Pods.debug.xcconfig */,
				2FC642EAA6BAB3F4F2189702 /* Pods.release.xcconfig */,
			);
			name = Pods;
			sourceTree = "<group>";
		};
/* End PBXGroup section */

/* Begin PBXNativeTarget section */
		CDC265E31B65A3840083A8A9 /* QSmartFashion */ = {
			isa = PBXNativeTarget;
			buildConfigurationList = CDC2660C1B65A3840083A8A9 /* Build configuration list for PBXNativeTarget "QSmartFashion" */;
			buildPhases = (
				59B64F482EBEA15BF25C719E /* Check Pods Manifest.lock */,
				CDC265E01B65A3840083A8A9 /* Sources */,
				CDC265E11B65A3840083A8A9 /* Frameworks */,
				CDC265E21B65A3840083A8A9 /* Resources */,
				A2A1E99E5E5AC93017A966EB /* Copy Pods Resources */,
				165E14C51E7CB3FE9093346F /* Embed Pods Frameworks */,
			);
			buildRules = (
			);
			dependencies = (
			);
			name = QSmartFashion;
			productName = QSmartFashion;
			productReference = CDC265E41B65A3840083A8A9 /* QSmartFashion.app */;
			productType = "com.apple.product-type.application";
		};
		CDC265F71B65A3840083A8A9 /* QSmartFashionTests */ = {
			isa = PBXNativeTarget;
			buildConfigurationList = CDC2660F1B65A3840083A8A9 /* Build configuration list for PBXNativeTarget "QSmartFashionTests" */;
			buildPhases = (
				CDC265F41B65A3840083A8A9 /* Sources */,
				CDC265F51B65A3840083A8A9 /* Frameworks */,
				CDC265F61B65A3840083A8A9 /* Resources */,
			);
			buildRules = (
			);
			dependencies = (
				CDC265FA1B65A3840083A8A9 /* PBXTargetDependency */,
			);
			name = QSmartFashionTests;
			productName = QSmartFashionTests;
			productReference = CDC265F81B65A3840083A8A9 /* QSmartFashionTests.xctest */;
			productType = "com.apple.product-type.bundle.unit-test";
		};
		CDC266021B65A3840083A8A9 /* QSmartFashionUITests */ = {
			isa = PBXNativeTarget;
			buildConfigurationList = CDC266121B65A3840083A8A9 /* Build configuration list for PBXNativeTarget "QSmartFashionUITests" */;
			buildPhases = (
				CDC265FF1B65A3840083A8A9 /* Sources */,
				CDC266001B65A3840083A8A9 /* Frameworks */,
				CDC266011B65A3840083A8A9 /* Resources */,
			);
			buildRules = (
			);
			dependencies = (
				CDC266051B65A3840083A8A9 /* PBXTargetDependency */,
			);
			name = QSmartFashionUITests;
			productName = QSmartFashionUITests;
			productReference = CDC266031B65A3840083A8A9 /* QSmartFashionUITests.xctest */;
			productType = "com.apple.product-type.bundle.ui-testing";
		};
/* End PBXNativeTarget section */

/* Begin PBXProject section */
		CDC265DC1B65A3840083A8A9 /* Project object */ = {
			isa = PBXProject;
			attributes = {
				LastSwiftUpdateCheck = 0700;
				LastUpgradeCheck = 0700;
				ORGANIZATIONNAME = "Qualcomm Incorporated";
				TargetAttributes = {
					CDC265E31B65A3840083A8A9 = {
						CreatedOnToolsVersion = 7.0;
					};
					CDC265F71B65A3840083A8A9 = {
						CreatedOnToolsVersion = 7.0;
						TestTargetID = CDC265E31B65A3840083A8A9;
					};
					CDC266021B65A3840083A8A9 = {
						CreatedOnToolsVersion = 7.0;
						TestTargetID = CDC265E31B65A3840083A8A9;
					};
				};
			};
			buildConfigurationList = CDC265DF1B65A3840083A8A9 /* Build configuration list for PBXProject "QSmartFashion" */;
			compatibilityVersion = "Xcode 3.2";
			developmentRegion = English;
			hasScannedForEncodings = 0;
			knownRegions = (
				en,
				Base,
			);
			mainGroup = CDC265DB1B65A3840083A8A9;
			productRefGroup = CDC265E51B65A3840083A8A9 /* Products */;
			projectDirPath = "";
			projectRoot = "";
			targets = (
				CDC265E31B65A3840083A8A9 /* QSmartFashion */,
				CDC265F71B65A3840083A8A9 /* QSmartFashionTests */,
				CDC266021B65A3840083A8A9 /* QSmartFashionUITests */,
			);
		};
/* End PBXProject section */

/* Begin PBXResourcesBuildPhase section */
		CDC265E21B65A3840083A8A9 /* Resources */ = {
			isa = PBXResourcesBuildPhase;
			buildActionMask = 2147483647;
			files = (
				CDD88CE61B6ED0E000BF4AA5 /* Orphan.storyboard in Resources */,
				CDC265F21B65A3840083A8A9 /* LaunchScreen.storyboard in Resources */,
				CDC265EF1B65A3840083A8A9 /* Assets.xcassets in Resources */,
				CDC265ED1B65A3840083A8A9 /* Main.storyboard in Resources */,
			);
			runOnlyForDeploymentPostprocessing = 0;
		};
		CDC265F61B65A3840083A8A9 /* Resources */ = {
			isa = PBXResourcesBuildPhase;
			buildActionMask = 2147483647;
			files = (
			);
			runOnlyForDeploymentPostprocessing = 0;
		};
		CDC266011B65A3840083A8A9 /* Resources */ = {
			isa = PBXResourcesBuildPhase;
			buildActionMask = 2147483647;
			files = (
			);
			runOnlyForDeploymentPostprocessing = 0;
		};
/* End PBXResourcesBuildPhase section */

/* Begin PBXShellScriptBuildPhase section */
		165E14C51E7CB3FE9093346F /* Embed Pods Frameworks */ = {
			isa = PBXShellScriptBuildPhase;
			buildActionMask = 2147483647;
			files = (
			);
			inputPaths = (
			);
			name = "Embed Pods Frameworks";
			outputPaths = (
			);
			runOnlyForDeploymentPostprocessing = 0;
			shellPath = /bin/sh;
			shellScript = "\"${SRCROOT}/Pods/Target Support Files/Pods/Pods-frameworks.sh\"\n";
			showEnvVarsInLog = 0;
		};
		59B64F482EBEA15BF25C719E /* Check Pods Manifest.lock */ = {
			isa = PBXShellScriptBuildPhase;
			buildActionMask = 2147483647;
			files = (
			);
			inputPaths = (
			);
			name = "Check Pods Manifest.lock";
			outputPaths = (
			);
			runOnlyForDeploymentPostprocessing = 0;
			shellPath = /bin/sh;
			shellScript = "diff \"${PODS_ROOT}/../Podfile.lock\" \"${PODS_ROOT}/Manifest.lock\" > /dev/null\nif [[ $? != 0 ]] ; then\n    cat << EOM\nerror: The sandbox is not in sync with the Podfile.lock. Run 'pod install' or update your CocoaPods installation.\nEOM\n    exit 1\nfi\n";
			showEnvVarsInLog = 0;
		};
		A2A1E99E5E5AC93017A966EB /* Copy Pods Resources */ = {
			isa = PBXShellScriptBuildPhase;
			buildActionMask = 2147483647;
			files = (
			);
			inputPaths = (
			);
			name = "Copy Pods Resources";
			outputPaths = (
			);
			runOnlyForDeploymentPostprocessing = 0;
			shellPath = /bin/sh;
			shellScript = "\"${SRCROOT}/Pods/Target Support Files/Pods/Pods-resources.sh\"\n";
			showEnvVarsInLog = 0;
		};
/* End PBXShellScriptBuildPhase section */

/* Begin PBXSourcesBuildPhase section */
		CDC265E01B65A3840083A8A9 /* Sources */ = {
			isa = PBXSourcesBuildPhase;
			buildActionMask = 2147483647;
			files = (
				CDE4280B1B70311D00FC2E5C /* BirthdatePickerViewController.swift in Sources */,
				CDC266171B65ACD60083A8A9 /* SFUser.swift in Sources */,
				CDC265EA1B65A3840083A8A9 /* AuthenticationViewController.swift in Sources */,
				CD1962F51B7040EB001F5DE9 /* UnitConverter.swift in Sources */,
				CD9837621B6EF3D300E97208 /* ContactTableViewCell.swift in Sources */,
				CD98375D1B6EE63100E97208 /* ContactsTableViewController.swift in Sources */,
				CD9837571B6ED13400E97208 /* DrawerTableViewController.swift in Sources */,
				CDD88CDD1B6EC66100BF4AA5 /* ContainerViewController.swift in Sources */,
				CDC266201B65D3120083A8A9 /* SettingsViewController.swift in Sources */,
				CD9837651B6F04B600E97208 /* ContactCacheManager.swift in Sources */,
				CDC265E81B65A3840083A8A9 /* AppDelegate.swift in Sources */,
				CDC2661B1B65B26E0083A8A9 /* SFEmergencyContact.swift in Sources */,
				CDE428091B70297000FC2E5C /* ProfileViewController.swift in Sources */,
				CDC266191B65B0F80083A8A9 /* SFDataMeasurement.swift in Sources */,
				CDC2661E1B65D12A0083A8A9 /* MainViewController.swift in Sources */,
			);
			runOnlyForDeploymentPostprocessing = 0;
		};
		CDC265F41B65A3840083A8A9 /* Sources */ = {
			isa = PBXSourcesBuildPhase;
			buildActionMask = 2147483647;
			files = (
				CDC265FD1B65A3840083A8A9 /* QSmartFashionTests.swift in Sources */,
			);
			runOnlyForDeploymentPostprocessing = 0;
		};
		CDC265FF1B65A3840083A8A9 /* Sources */ = {
			isa = PBXSourcesBuildPhase;
			buildActionMask = 2147483647;
			files = (
				CDC266081B65A3840083A8A9 /* QSmartFashionUITests.swift in Sources */,
			);
			runOnlyForDeploymentPostprocessing = 0;
		};
/* End PBXSourcesBuildPhase section */

/* Begin PBXTargetDependency section */
		CDC265FA1B65A3840083A8A9 /* PBXTargetDependency */ = {
			isa = PBXTargetDependency;
			target = CDC265E31B65A3840083A8A9 /* QSmartFashion */;
			targetProxy = CDC265F91B65A3840083A8A9 /* PBXContainerItemProxy */;
		};
		CDC266051B65A3840083A8A9 /* PBXTargetDependency */ = {
			isa = PBXTargetDependency;
			target = CDC265E31B65A3840083A8A9 /* QSmartFashion */;
			targetProxy = CDC266041B65A3840083A8A9 /* PBXContainerItemProxy */;
		};
/* End PBXTargetDependency section */

/* Begin PBXVariantGroup section */
		CDC265EB1B65A3840083A8A9 /* Main.storyboard */ = {
			isa = PBXVariantGroup;
			children = (
				CDC265EC1B65A3840083A8A9 /* Base */,
			);
			name = Main.storyboard;
			sourceTree = "<group>";
		};
		CDC265F01B65A3840083A8A9 /* LaunchScreen.storyboard */ = {
			isa = PBXVariantGroup;
			children = (
				CDC265F11B65A3840083A8A9 /* Base */,
			);
			name = LaunchScreen.storyboard;
			sourceTree = "<group>";
		};
/* End PBXVariantGroup section */

/* Begin XCBuildConfiguration section */
		CDC2660A1B65A3840083A8A9 /* Debug */ = {
			isa = XCBuildConfiguration;
			buildSettings = {
				ALWAYS_SEARCH_USER_PATHS = NO;
				CLANG_CXX_LANGUAGE_STANDARD = "gnu++0x";
				CLANG_CXX_LIBRARY = "libc++";
				CLANG_ENABLE_MODULES = YES;
				CLANG_ENABLE_OBJC_ARC = YES;
				CLANG_WARN_BOOL_CONVERSION = YES;
				CLANG_WARN_CONSTANT_CONVERSION = YES;
				CLANG_WARN_DIRECT_OBJC_ISA_USAGE = YES_ERROR;
				CLANG_WARN_EMPTY_BODY = YES;
				CLANG_WARN_ENUM_CONVERSION = YES;
				CLANG_WARN_INT_CONVERSION = YES;
				CLANG_WARN_OBJC_ROOT_CLASS = YES_ERROR;
				CLANG_WARN_UNREACHABLE_CODE = YES;
				CLANG_WARN__DUPLICATE_METHOD_MATCH = YES;
				"CODE_SIGN_IDENTITY[sdk=iphoneos*]" = "iPhone Developer";
				COPY_PHASE_STRIP = NO;
				DEBUG_INFORMATION_FORMAT = dwarf;
				ENABLE_STRICT_OBJC_MSGSEND = YES;
				ENABLE_TESTABILITY = YES;
				GCC_C_LANGUAGE_STANDARD = gnu99;
				GCC_DYNAMIC_NO_PIC = NO;
				GCC_NO_COMMON_BLOCKS = YES;
				GCC_OPTIMIZATION_LEVEL = 0;
				GCC_PREPROCESSOR_DEFINITIONS = (
					"DEBUG=1",
					"$(inherited)",
				);
				GCC_WARN_64_TO_32_BIT_CONVERSION = YES;
				GCC_WARN_ABOUT_RETURN_TYPE = YES_ERROR;
				GCC_WARN_UNDECLARED_SELECTOR = YES;
				GCC_WARN_UNINITIALIZED_AUTOS = YES_AGGRESSIVE;
				GCC_WARN_UNUSED_FUNCTION = YES;
				GCC_WARN_UNUSED_VARIABLE = YES;
				IPHONEOS_DEPLOYMENT_TARGET = 9.0;
				MTL_ENABLE_DEBUG_INFO = YES;
				ONLY_ACTIVE_ARCH = YES;
				SDKROOT = iphoneos;
				SWIFT_OPTIMIZATION_LEVEL = "-Onone";
			};
			name = Debug;
		};
		CDC2660B1B65A3840083A8A9 /* Release */ = {
			isa = XCBuildConfiguration;
			buildSettings = {
				ALWAYS_SEARCH_USER_PATHS = NO;
				CLANG_CXX_LANGUAGE_STANDARD = "gnu++0x";
				CLANG_CXX_LIBRARY = "libc++";
				CLANG_ENABLE_MODULES = YES;
				CLANG_ENABLE_OBJC_ARC = YES;
				CLANG_WARN_BOOL_CONVERSION = YES;
				CLANG_WARN_CONSTANT_CONVERSION = YES;
				CLANG_WARN_DIRECT_OBJC_ISA_USAGE = YES_ERROR;
				CLANG_WARN_EMPTY_BODY = YES;
				CLANG_WARN_ENUM_CONVERSION = YES;
				CLANG_WARN_INT_CONVERSION = YES;
				CLANG_WARN_OBJC_ROOT_CLASS = YES_ERROR;
				CLANG_WARN_UNREACHABLE_CODE = YES;
				CLANG_WARN__DUPLICATE_METHOD_MATCH = YES;
				"CODE_SIGN_IDENTITY[sdk=iphoneos*]" = "iPhone Developer";
				COPY_PHASE_STRIP = NO;
				DEBUG_INFORMATION_FORMAT = "dwarf-with-dsym";
				ENABLE_NS_ASSERTIONS = NO;
				ENABLE_STRICT_OBJC_MSGSEND = YES;
				GCC_C_LANGUAGE_STANDARD = gnu99;
				GCC_NO_COMMON_BLOCKS = YES;
				GCC_WARN_64_TO_32_BIT_CONVERSION = YES;
				GCC_WARN_ABOUT_RETURN_TYPE = YES_ERROR;
				GCC_WARN_UNDECLARED_SELECTOR = YES;
				GCC_WARN_UNINITIALIZED_AUTOS = YES_AGGRESSIVE;
				GCC_WARN_UNUSED_FUNCTION = YES;
				GCC_WARN_UNUSED_VARIABLE = YES;
				IPHONEOS_DEPLOYMENT_TARGET = 9.0;
				MTL_ENABLE_DEBUG_INFO = NO;
				SDKROOT = iphoneos;
				VALIDATE_PRODUCT = YES;
			};
			name = Release;
		};
		CDC2660D1B65A3840083A8A9 /* Debug */ = {
			isa = XCBuildConfiguration;
			baseConfigurationReference = 7EA9DBBEF4FE33428020E288 /* Pods.debug.xcconfig */;
			buildSettings = {
				ASSETCATALOG_COMPILER_APPICON_NAME = AppIcon;
				CLANG_ENABLE_MODULES = YES;
				ENABLE_BITCODE = NO;
				INFOPLIST_FILE = QSmartFashion/Info.plist;
				LD_RUNPATH_SEARCH_PATHS = "$(inherited) @executable_path/Frameworks";
				PRODUCT_BUNDLE_IDENTIFIER = com.qualcomm.QSmartFashion;
				PRODUCT_NAME = "$(TARGET_NAME)";
				SWIFT_OBJC_BRIDGING_HEADER = "QSmartFashion/QSmartFashion-Bridging-Header.h";
				SWIFT_OPTIMIZATION_LEVEL = "-Onone";
			};
			name = Debug;
		};
		CDC2660E1B65A3840083A8A9 /* Release */ = {
			isa = XCBuildConfiguration;
			baseConfigurationReference = 2FC642EAA6BAB3F4F2189702 /* Pods.release.xcconfig */;
			buildSettings = {
				ASSETCATALOG_COMPILER_APPICON_NAME = AppIcon;
				CLANG_ENABLE_MODULES = YES;
				ENABLE_BITCODE = NO;
				INFOPLIST_FILE = QSmartFashion/Info.plist;
				LD_RUNPATH_SEARCH_PATHS = "$(inherited) @executable_path/Frameworks";
				PRODUCT_BUNDLE_IDENTIFIER = com.qualcomm.QSmartFashion;
				PRODUCT_NAME = "$(TARGET_NAME)";
				SWIFT_OBJC_BRIDGING_HEADER = "QSmartFashion/QSmartFashion-Bridging-Header.h";
			};
			name = Release;
		};
		CDC266101B65A3840083A8A9 /* Debug */ = {
			isa = XCBuildConfiguration;
			buildSettings = {
				BUNDLE_LOADER = "$(TEST_HOST)";
				INFOPLIST_FILE = QSmartFashionTests/Info.plist;
				LD_RUNPATH_SEARCH_PATHS = "$(inherited) @executable_path/Frameworks @loader_path/Frameworks";
				PRODUCT_BUNDLE_IDENTIFIER = com.qualcomm.QSmartFashionTests;
				PRODUCT_NAME = "$(TARGET_NAME)";
				TEST_HOST = "$(BUILT_PRODUCTS_DIR)/QSmartFashion.app/QSmartFashion";
			};
			name = Debug;
		};
		CDC266111B65A3840083A8A9 /* Release */ = {
			isa = XCBuildConfiguration;
			buildSettings = {
				BUNDLE_LOADER = "$(TEST_HOST)";
				INFOPLIST_FILE = QSmartFashionTests/Info.plist;
				LD_RUNPATH_SEARCH_PATHS = "$(inherited) @executable_path/Frameworks @loader_path/Frameworks";
				PRODUCT_BUNDLE_IDENTIFIER = com.qualcomm.QSmartFashionTests;
				PRODUCT_NAME = "$(TARGET_NAME)";
				TEST_HOST = "$(BUILT_PRODUCTS_DIR)/QSmartFashion.app/QSmartFashion";
			};
			name = Release;
		};
		CDC266131B65A3840083A8A9 /* Debug */ = {
			isa = XCBuildConfiguration;
			buildSettings = {
				INFOPLIST_FILE = QSmartFashionUITests/Info.plist;
				LD_RUNPATH_SEARCH_PATHS = "$(inherited) @executable_path/Frameworks @loader_path/Frameworks";
				PRODUCT_BUNDLE_IDENTIFIER = com.qualcomm.QSmartFashionUITests;
				PRODUCT_NAME = "$(TARGET_NAME)";
				TEST_TARGET_NAME = QSmartFashion;
				USES_XCTRUNNER = YES;
			};
			name = Debug;
		};
		CDC266141B65A3840083A8A9 /* Release */ = {
			isa = XCBuildConfiguration;
			buildSettings = {
				INFOPLIST_FILE = QSmartFashionUITests/Info.plist;
				LD_RUNPATH_SEARCH_PATHS = "$(inherited) @executable_path/Frameworks @loader_path/Frameworks";
				PRODUCT_BUNDLE_IDENTIFIER = com.qualcomm.QSmartFashionUITests;
				PRODUCT_NAME = "$(TARGET_NAME)";
				TEST_TARGET_NAME = QSmartFashion;
				USES_XCTRUNNER = YES;
			};
			name = Release;
		};
/* End XCBuildConfiguration section */

/* Begin XCConfigurationList section */
		CDC265DF1B65A3840083A8A9 /* Build configuration list for PBXProject "QSmartFashion" */ = {
			isa = XCConfigurationList;
			buildConfigurations = (
				CDC2660A1B65A3840083A8A9 /* Debug */,
				CDC2660B1B65A3840083A8A9 /* Release */,
			);
			defaultConfigurationIsVisible = 0;
			defaultConfigurationName = Release;
		};
		CDC2660C1B65A3840083A8A9 /* Build configuration list for PBXNativeTarget "QSmartFashion" */ = {
			isa = XCConfigurationList;
			buildConfigurations = (
				CDC2660D1B65A3840083A8A9 /* Debug */,
				CDC2660E1B65A3840083A8A9 /* Release */,
			);
			defaultConfigurationIsVisible = 0;
			defaultConfigurationName = Release;
		};
		CDC2660F1B65A3840083A8A9 /* Build configuration list for PBXNativeTarget "QSmartFashionTests" */ = {
			isa = XCConfigurationList;
			buildConfigurations = (
				CDC266101B65A3840083A8A9 /* Debug */,
				CDC266111B65A3840083A8A9 /* Release */,
			);
			defaultConfigurationIsVisible = 0;
			defaultConfigurationName = Release;
		};
		CDC266121B65A3840083A8A9 /* Build configuration list for PBXNativeTarget "QSmartFashionUITests" */ = {
			isa = XCConfigurationList;
			buildConfigurations = (
				CDC266131B65A3840083A8A9 /* Debug */,
				CDC266141B65A3840083A8A9 /* Release */,
			);
			defaultConfigurationIsVisible = 0;
			defaultConfigurationName = Release;
		};
/* End XCConfigurationList section */
	};
	rootObject = CDC265DC1B65A3840083A8A9 /* Project object */;
}
